// !$*UTF8*$!
{
	archiveVersion = 1;
	classes = {
	};
	objectVersion = 46;
	objects = {

/* Begin PBXBuildFile section */
		1906705C1E4B352100D3A7A4 /* Observer.swift in Sources */ = {isa = PBXBuildFile; fileRef = 1906705B1E4B352100D3A7A4 /* Observer.swift */; };
		1906705F1E4B36F700D3A7A4 /* MainMenu.xib in Resources */ = {isa = PBXBuildFile; fileRef = 1906705D1E4B36F700D3A7A4 /* MainMenu.xib */; };
		190670611E4B3B6A00D3A7A4 /* StatusItem.swift in Sources */ = {isa = PBXBuildFile; fileRef = 190670601E4B3B6A00D3A7A4 /* StatusItem.swift */; };
		190670631E4C84B100D3A7A4 /* Preference.swift in Sources */ = {isa = PBXBuildFile; fileRef = 190670621E4C84B100D3A7A4 /* Preference.swift */; };
		19A7AC7D1E44D493004FBE39 /* AppDelegate.swift in Sources */ = {isa = PBXBuildFile; fileRef = 19A7AC7C1E44D493004FBE39 /* AppDelegate.swift */; };
		19A7AC8D1E44D493004FBE39 /* SpaceIdTests.swift in Sources */ = {isa = PBXBuildFile; fileRef = 19A7AC8C1E44D493004FBE39 /* SpaceIdTests.swift */; };
		19A7AC9A1E44D4C0004FBE39 /* Space.swift in Sources */ = {isa = PBXBuildFile; fileRef = 19A7AC971E44D4C0004FBE39 /* Space.swift */; };
		19A7AC9C1E44D4C0004FBE39 /* SpaceInfo.swift in Sources */ = {isa = PBXBuildFile; fileRef = 19A7AC991E44D4C0004FBE39 /* SpaceInfo.swift */; };
		19A7ACB81E44D8A1004FBE39 /* Swiftz.framework in Frameworks */ = {isa = PBXBuildFile; fileRef = 19A7ACA91E44D866004FBE39 /* Swiftz.framework */; };
		19A7ACBA1E44D8D8004FBE39 /* Swiftz.framework in Copy Files */ = {isa = PBXBuildFile; fileRef = 19A7ACA91E44D866004FBE39 /* Swiftz.framework */; settings = {ATTRIBUTES = (CodeSignOnCopy, RemoveHeadersOnCopy, ); }; };
		19A7ACC41E459839004FBE39 /* Assets.xcassets in Resources */ = {isa = PBXBuildFile; fileRef = 19A7ACC31E459839004FBE39 /* Assets.xcassets */; };
		19A7ACCA1E46225E004FBE39 /* ButtonImage.swift in Sources */ = {isa = PBXBuildFile; fileRef = 19A7ACC91E46225E004FBE39 /* ButtonImage.swift */; };
		19A7ACCE1E46CEC6004FBE39 /* SpaceIdentifier.swift in Sources */ = {isa = PBXBuildFile; fileRef = 19A7ACCD1E46CEC6004FBE39 /* SpaceIdentifier.swift */; };
/* End PBXBuildFile section */

/* Begin PBXContainerItemProxy section */
		19A7AC891E44D493004FBE39 /* PBXContainerItemProxy */ = {
			isa = PBXContainerItemProxy;
			containerPortal = 19A7AC711E44D493004FBE39 /* Project object */;
			proxyType = 1;
			remoteGlobalIDString = 19A7AC781E44D493004FBE39;
			remoteInfo = SpaceId;
		};
		19A7ACA81E44D866004FBE39 /* PBXContainerItemProxy */ = {
			isa = PBXContainerItemProxy;
			containerPortal = 19A7AC9D1E44D866004FBE39 /* Swiftz.xcodeproj */;
			proxyType = 2;
			remoteGlobalIDString = 84A88F981A71DF7F003D53CF;
			remoteInfo = Swiftz;
		};
		19A7ACAA1E44D866004FBE39 /* PBXContainerItemProxy */ = {
			isa = PBXContainerItemProxy;
			containerPortal = 19A7AC9D1E44D866004FBE39 /* Swiftz.xcodeproj */;
			proxyType = 2;
			remoteGlobalIDString = 84A88FA31A71DF7F003D53CF;
			remoteInfo = SwiftzTests;
		};
		19A7ACAC1E44D866004FBE39 /* PBXContainerItemProxy */ = {
			isa = PBXContainerItemProxy;
			containerPortal = 19A7AC9D1E44D866004FBE39 /* Swiftz.xcodeproj */;
			proxyType = 2;
			remoteGlobalIDString = 84DF751E1B0BD17700C912B0;
			remoteInfo = "Swiftz-iOS";
		};
		19A7ACAE1E44D866004FBE39 /* PBXContainerItemProxy */ = {
			isa = PBXContainerItemProxy;
			containerPortal = 19A7AC9D1E44D866004FBE39 /* Swiftz.xcodeproj */;
			proxyType = 2;
			remoteGlobalIDString = 84DF75281B0BD17700C912B0;
			remoteInfo = "Swiftz-iOSTests";
		};
		19A7ACB01E44D866004FBE39 /* PBXContainerItemProxy */ = {
			isa = PBXContainerItemProxy;
			containerPortal = 19A7AC9D1E44D866004FBE39 /* Swiftz.xcodeproj */;
			proxyType = 2;
			remoteGlobalIDString = 8240CD1C1C3A395F00EF4D29;
			remoteInfo = "Swiftz-tvOS";
		};
		19A7ACB21E44D866004FBE39 /* PBXContainerItemProxy */ = {
			isa = PBXContainerItemProxy;
			containerPortal = 19A7AC9D1E44D866004FBE39 /* Swiftz.xcodeproj */;
			proxyType = 2;
			remoteGlobalIDString = 8240CD251C3A396000EF4D29;
			remoteInfo = "Swiftz-tvOSTests";
		};
		19A7ACB41E44D866004FBE39 /* PBXContainerItemProxy */ = {
			isa = PBXContainerItemProxy;
			containerPortal = 19A7AC9D1E44D866004FBE39 /* Swiftz.xcodeproj */;
			proxyType = 2;
			remoteGlobalIDString = 8240CDD81C3A41F000EF4D29;
			remoteInfo = "Swiftz-watchOS";
		};
		19A7ACB61E44D886004FBE39 /* PBXContainerItemProxy */ = {
			isa = PBXContainerItemProxy;
			containerPortal = 19A7AC9D1E44D866004FBE39 /* Swiftz.xcodeproj */;
			proxyType = 1;
			remoteGlobalIDString = 84A88F971A71DF7F003D53CF;
			remoteInfo = Swiftz;
		};
/* End PBXContainerItemProxy section */

/* Begin PBXCopyFilesBuildPhase section */
		19A7ACB91E44D8B2004FBE39 /* Copy Files */ = {
			isa = PBXCopyFilesBuildPhase;
			buildActionMask = 2147483647;
			dstPath = "";
			dstSubfolderSpec = 10;
			files = (
				19A7ACBA1E44D8D8004FBE39 /* Swiftz.framework in Copy Files */,
			);
			name = "Copy Files";
			runOnlyForDeploymentPostprocessing = 0;
		};
/* End PBXCopyFilesBuildPhase section */

/* Begin PBXFileReference section */
		1906705B1E4B352100D3A7A4 /* Observer.swift */ = {isa = PBXFileReference; fileEncoding = 4; lastKnownFileType = sourcecode.swift; path = Observer.swift; sourceTree = "<group>"; };
		1906705E1E4B36F700D3A7A4 /* Base */ = {isa = PBXFileReference; lastKnownFileType = file.xib; name = Base; path = Base.lproj/MainMenu.xib; sourceTree = "<group>"; };
		190670601E4B3B6A00D3A7A4 /* StatusItem.swift */ = {isa = PBXFileReference; fileEncoding = 4; lastKnownFileType = sourcecode.swift; path = StatusItem.swift; sourceTree = "<group>"; };
		190670621E4C84B100D3A7A4 /* Preference.swift */ = {isa = PBXFileReference; fileEncoding = 4; lastKnownFileType = sourcecode.swift; path = Preference.swift; sourceTree = "<group>"; };
		19A7AC791E44D493004FBE39 /* SpaceId.app */ = {isa = PBXFileReference; explicitFileType = wrapper.application; includeInIndex = 0; path = SpaceId.app; sourceTree = BUILT_PRODUCTS_DIR; };
		19A7AC7C1E44D493004FBE39 /* AppDelegate.swift */ = {isa = PBXFileReference; lastKnownFileType = sourcecode.swift; path = AppDelegate.swift; sourceTree = "<group>"; };
		19A7AC831E44D493004FBE39 /* Info.plist */ = {isa = PBXFileReference; lastKnownFileType = text.plist.xml; path = Info.plist; sourceTree = "<group>"; };
		19A7AC881E44D493004FBE39 /* SpaceIdTests.xctest */ = {isa = PBXFileReference; explicitFileType = wrapper.cfbundle; includeInIndex = 0; path = SpaceIdTests.xctest; sourceTree = BUILT_PRODUCTS_DIR; };
		19A7AC8C1E44D493004FBE39 /* SpaceIdTests.swift */ = {isa = PBXFileReference; lastKnownFileType = sourcecode.swift; path = SpaceIdTests.swift; sourceTree = "<group>"; };
		19A7AC8E1E44D493004FBE39 /* Info.plist */ = {isa = PBXFileReference; lastKnownFileType = text.plist.xml; path = Info.plist; sourceTree = "<group>"; };
		19A7AC971E44D4C0004FBE39 /* Space.swift */ = {isa = PBXFileReference; fileEncoding = 4; lastKnownFileType = sourcecode.swift; path = Space.swift; sourceTree = "<group>"; };
		19A7AC991E44D4C0004FBE39 /* SpaceInfo.swift */ = {isa = PBXFileReference; fileEncoding = 4; lastKnownFileType = sourcecode.swift; path = SpaceInfo.swift; sourceTree = "<group>"; };
		19A7AC9D1E44D866004FBE39 /* Swiftz.xcodeproj */ = {isa = PBXFileReference; lastKnownFileType = "wrapper.pb-project"; name = Swiftz.xcodeproj; path = Dependencies/Swiftz/Swiftz.xcodeproj; sourceTree = "<group>"; };
		19A7ACC31E459839004FBE39 /* Assets.xcassets */ = {isa = PBXFileReference; lastKnownFileType = folder.assetcatalog; path = Assets.xcassets; sourceTree = "<group>"; };
		19A7ACC91E46225E004FBE39 /* ButtonImage.swift */ = {isa = PBXFileReference; fileEncoding = 4; lastKnownFileType = sourcecode.swift; path = ButtonImage.swift; sourceTree = "<group>"; };
		19A7ACCD1E46CEC6004FBE39 /* SpaceIdentifier.swift */ = {isa = PBXFileReference; fileEncoding = 4; lastKnownFileType = sourcecode.swift; path = SpaceIdentifier.swift; sourceTree = "<group>"; };
		19A7ACD21E46D4BF004FBE39 /* SpaceId-Bridging-Header.h */ = {isa = PBXFileReference; lastKnownFileType = sourcecode.c.h; path = "SpaceId-Bridging-Header.h"; sourceTree = "<group>"; };
/* End PBXFileReference section */

/* Begin PBXFrameworksBuildPhase section */
		19A7AC761E44D493004FBE39 /* Frameworks */ = {
			isa = PBXFrameworksBuildPhase;
			buildActionMask = 2147483647;
			files = (
				19A7ACB81E44D8A1004FBE39 /* Swiftz.framework in Frameworks */,
			);
			runOnlyForDeploymentPostprocessing = 0;
		};
		19A7AC851E44D493004FBE39 /* Frameworks */ = {
			isa = PBXFrameworksBuildPhase;
			buildActionMask = 2147483647;
			files = (
			);
			runOnlyForDeploymentPostprocessing = 0;
		};
/* End PBXFrameworksBuildPhase section */

/* Begin PBXGroup section */
		19A7AC701E44D493004FBE39 = {
			isa = PBXGroup;
			children = (
				19A7AC9D1E44D866004FBE39 /* Swiftz.xcodeproj */,
				19A7AC7B1E44D493004FBE39 /* SpaceId */,
				19A7AC8B1E44D493004FBE39 /* SpaceIdTests */,
				19A7AC7A1E44D493004FBE39 /* Products */,
			);
			sourceTree = "<group>";
		};
		19A7AC7A1E44D493004FBE39 /* Products */ = {
			isa = PBXGroup;
			children = (
				19A7AC791E44D493004FBE39 /* SpaceId.app */,
				19A7AC881E44D493004FBE39 /* SpaceIdTests.xctest */,
			);
			name = Products;
			sourceTree = "<group>";
		};
		19A7AC7B1E44D493004FBE39 /* SpaceId */ = {
			isa = PBXGroup;
			children = (
				19A7ACD21E46D4BF004FBE39 /* SpaceId-Bridging-Header.h */,
				19A7AC831E44D493004FBE39 /* Info.plist */,
				19A7AC7C1E44D493004FBE39 /* AppDelegate.swift */,
				19A7ACC91E46225E004FBE39 /* ButtonImage.swift */,
				190670601E4B3B6A00D3A7A4 /* StatusItem.swift */,
				1906705B1E4B352100D3A7A4 /* Observer.swift */,
				19A7AC971E44D4C0004FBE39 /* Space.swift */,
				19A7ACCD1E46CEC6004FBE39 /* SpaceIdentifier.swift */,
				19A7AC991E44D4C0004FBE39 /* SpaceInfo.swift */,
				190670621E4C84B100D3A7A4 /* Preference.swift */,
				19A7ACC31E459839004FBE39 /* Assets.xcassets */,
				1906705D1E4B36F700D3A7A4 /* MainMenu.xib */,
			);
			path = SpaceId;
			sourceTree = "<group>";
		};
		19A7AC8B1E44D493004FBE39 /* SpaceIdTests */ = {
			isa = PBXGroup;
			children = (
				19A7AC8C1E44D493004FBE39 /* SpaceIdTests.swift */,
				19A7AC8E1E44D493004FBE39 /* Info.plist */,
			);
			path = SpaceIdTests;
			sourceTree = "<group>";
		};
		19A7AC9E1E44D866004FBE39 /* Products */ = {
			isa = PBXGroup;
			children = (
				19A7ACA91E44D866004FBE39 /* Swiftz.framework */,
				19A7ACAB1E44D866004FBE39 /* SwiftzTests.xctest */,
				19A7ACAD1E44D866004FBE39 /* Swiftz.framework */,
				19A7ACAF1E44D866004FBE39 /* Swiftz-iOSTests.xctest */,
				19A7ACB11E44D866004FBE39 /* Swiftz.framework */,
				19A7ACB31E44D866004FBE39 /* Swiftz-tvOSTests.xctest */,
				19A7ACB51E44D866004FBE39 /* Swiftz.framework */,
			);
			name = Products;
			sourceTree = "<group>";
		};
/* End PBXGroup section */

/* Begin PBXHeadersBuildPhase section */
		19A7ACD01E46D2AF004FBE39 /* Headers */ = {
			isa = PBXHeadersBuildPhase;
			buildActionMask = 2147483647;
			files = (
			);
			runOnlyForDeploymentPostprocessing = 0;
		};
/* End PBXHeadersBuildPhase section */

/* Begin PBXNativeTarget section */
		19A7AC781E44D493004FBE39 /* SpaceId */ = {
			isa = PBXNativeTarget;
			buildConfigurationList = 19A7AC911E44D493004FBE39 /* Build configuration list for PBXNativeTarget "SpaceId" */;
			buildPhases = (
				19A7AC751E44D493004FBE39 /* Sources */,
				19A7AC761E44D493004FBE39 /* Frameworks */,
				19A7AC771E44D493004FBE39 /* Resources */,
				19A7ACB91E44D8B2004FBE39 /* Copy Files */,
				19A7ACD01E46D2AF004FBE39 /* Headers */,
			);
			buildRules = (
			);
			dependencies = (
				19A7ACB71E44D886004FBE39 /* PBXTargetDependency */,
			);
			name = SpaceId;
			productName = SpaceId;
			productReference = 19A7AC791E44D493004FBE39 /* SpaceId.app */;
			productType = "com.apple.product-type.application";
		};
		19A7AC871E44D493004FBE39 /* SpaceIdTests */ = {
			isa = PBXNativeTarget;
			buildConfigurationList = 19A7AC941E44D493004FBE39 /* Build configuration list for PBXNativeTarget "SpaceIdTests" */;
			buildPhases = (
				19A7AC841E44D493004FBE39 /* Sources */,
				19A7AC851E44D493004FBE39 /* Frameworks */,
				19A7AC861E44D493004FBE39 /* Resources */,
			);
			buildRules = (
			);
			dependencies = (
				19A7AC8A1E44D493004FBE39 /* PBXTargetDependency */,
			);
			name = SpaceIdTests;
			productName = SpaceIdTests;
			productReference = 19A7AC881E44D493004FBE39 /* SpaceIdTests.xctest */;
			productType = "com.apple.product-type.bundle.unit-test";
		};
/* End PBXNativeTarget section */

/* Begin PBXProject section */
		19A7AC711E44D493004FBE39 /* Project object */ = {
			isa = PBXProject;
			attributes = {
				LastSwiftUpdateCheck = 0820;
				LastUpgradeCheck = 0820;
				ORGANIZATIONNAME = "Dennis Kao";
				TargetAttributes = {
					19A7AC781E44D493004FBE39 = {
						CreatedOnToolsVersion = 8.2.1;
						DevelopmentTeam = VBQ33APC27;
						LastSwiftMigration = 0820;
						ProvisioningStyle = Automatic;
					};
					19A7AC871E44D493004FBE39 = {
						CreatedOnToolsVersion = 8.2.1;
						DevelopmentTeam = VBQ33APC27;
						ProvisioningStyle = Automatic;
						TestTargetID = 19A7AC781E44D493004FBE39;
					};
				};
			};
			buildConfigurationList = 19A7AC741E44D493004FBE39 /* Build configuration list for PBXProject "SpaceId" */;
			compatibilityVersion = "Xcode 3.2";
			developmentRegion = English;
			hasScannedForEncodings = 0;
			knownRegions = (
				en,
				Base,
			);
			mainGroup = 19A7AC701E44D493004FBE39;
			productRefGroup = 19A7AC7A1E44D493004FBE39 /* Products */;
			projectDirPath = "";
			projectReferences = (
				{
					ProductGroup = 19A7AC9E1E44D866004FBE39 /* Products */;
					ProjectRef = 19A7AC9D1E44D866004FBE39 /* Swiftz.xcodeproj */;
				},
			);
			projectRoot = "";
			targets = (
				19A7AC781E44D493004FBE39 /* SpaceId */,
				19A7AC871E44D493004FBE39 /* SpaceIdTests */,
			);
		};
/* End PBXProject section */

/* Begin PBXReferenceProxy section */
		19A7ACA91E44D866004FBE39 /* Swiftz.framework */ = {
			isa = PBXReferenceProxy;
			fileType = wrapper.framework;
			path = Swiftz.framework;
			remoteRef = 19A7ACA81E44D866004FBE39 /* PBXContainerItemProxy */;
			sourceTree = BUILT_PRODUCTS_DIR;
		};
		19A7ACAB1E44D866004FBE39 /* SwiftzTests.xctest */ = {
			isa = PBXReferenceProxy;
			fileType = wrapper.cfbundle;
			path = SwiftzTests.xctest;
			remoteRef = 19A7ACAA1E44D866004FBE39 /* PBXContainerItemProxy */;
			sourceTree = BUILT_PRODUCTS_DIR;
		};
		19A7ACAD1E44D866004FBE39 /* Swiftz.framework */ = {
			isa = PBXReferenceProxy;
			fileType = wrapper.framework;
			path = Swiftz.framework;
			remoteRef = 19A7ACAC1E44D866004FBE39 /* PBXContainerItemProxy */;
			sourceTree = BUILT_PRODUCTS_DIR;
		};
		19A7ACAF1E44D866004FBE39 /* Swiftz-iOSTests.xctest */ = {
			isa = PBXReferenceProxy;
			fileType = wrapper.cfbundle;
			path = "Swiftz-iOSTests.xctest";
			remoteRef = 19A7ACAE1E44D866004FBE39 /* PBXContainerItemProxy */;
			sourceTree = BUILT_PRODUCTS_DIR;
		};
		19A7ACB11E44D866004FBE39 /* Swiftz.framework */ = {
			isa = PBXReferenceProxy;
			fileType = wrapper.framework;
			path = Swiftz.framework;
			remoteRef = 19A7ACB01E44D866004FBE39 /* PBXContainerItemProxy */;
			sourceTree = BUILT_PRODUCTS_DIR;
		};
		19A7ACB31E44D866004FBE39 /* Swiftz-tvOSTests.xctest */ = {
			isa = PBXReferenceProxy;
			fileType = wrapper.cfbundle;
			path = "Swiftz-tvOSTests.xctest";
			remoteRef = 19A7ACB21E44D866004FBE39 /* PBXContainerItemProxy */;
			sourceTree = BUILT_PRODUCTS_DIR;
		};
		19A7ACB51E44D866004FBE39 /* Swiftz.framework */ = {
			isa = PBXReferenceProxy;
			fileType = wrapper.framework;
			path = Swiftz.framework;
			remoteRef = 19A7ACB41E44D866004FBE39 /* PBXContainerItemProxy */;
			sourceTree = BUILT_PRODUCTS_DIR;
		};
/* End PBXReferenceProxy section */

/* Begin PBXResourcesBuildPhase section */
		19A7AC771E44D493004FBE39 /* Resources */ = {
			isa = PBXResourcesBuildPhase;
			buildActionMask = 2147483647;
			files = (
				19A7ACC41E459839004FBE39 /* Assets.xcassets in Resources */,
				1906705F1E4B36F700D3A7A4 /* MainMenu.xib in Resources */,
			);
			runOnlyForDeploymentPostprocessing = 0;
		};
		19A7AC861E44D493004FBE39 /* Resources */ = {
			isa = PBXResourcesBuildPhase;
			buildActionMask = 2147483647;
			files = (
			);
			runOnlyForDeploymentPostprocessing = 0;
		};
/* End PBXResourcesBuildPhase section */

/* Begin PBXSourcesBuildPhase section */
		19A7AC751E44D493004FBE39 /* Sources */ = {
			isa = PBXSourcesBuildPhase;
			buildActionMask = 2147483647;
			files = (
				19A7AC9A1E44D4C0004FBE39 /* Space.swift in Sources */,
				19A7ACCA1E46225E004FBE39 /* ButtonImage.swift in Sources */,
				190670631E4C84B100D3A7A4 /* Preference.swift in Sources */,
				190670611E4B3B6A00D3A7A4 /* StatusItem.swift in Sources */,
				19A7AC7D1E44D493004FBE39 /* AppDelegate.swift in Sources */,
				19A7AC9C1E44D4C0004FBE39 /* SpaceInfo.swift in Sources */,
				1906705C1E4B352100D3A7A4 /* Observer.swift in Sources */,
				19A7ACCE1E46CEC6004FBE39 /* SpaceIdentifier.swift in Sources */,
			);
			runOnlyForDeploymentPostprocessing = 0;
		};
		19A7AC841E44D493004FBE39 /* Sources */ = {
			isa = PBXSourcesBuildPhase;
			buildActionMask = 2147483647;
			files = (
				19A7AC8D1E44D493004FBE39 /* SpaceIdTests.swift in Sources */,
			);
			runOnlyForDeploymentPostprocessing = 0;
		};
/* End PBXSourcesBuildPhase section */

/* Begin PBXTargetDependency section */
		19A7AC8A1E44D493004FBE39 /* PBXTargetDependency */ = {
			isa = PBXTargetDependency;
			target = 19A7AC781E44D493004FBE39 /* SpaceId */;
			targetProxy = 19A7AC891E44D493004FBE39 /* PBXContainerItemProxy */;
		};
		19A7ACB71E44D886004FBE39 /* PBXTargetDependency */ = {
			isa = PBXTargetDependency;
			name = Swiftz;
			targetProxy = 19A7ACB61E44D886004FBE39 /* PBXContainerItemProxy */;
		};
/* End PBXTargetDependency section */

/* Begin PBXVariantGroup section */
		1906705D1E4B36F700D3A7A4 /* MainMenu.xib */ = {
			isa = PBXVariantGroup;
			children = (
				1906705E1E4B36F700D3A7A4 /* Base */,
			);
			name = MainMenu.xib;
			sourceTree = "<group>";
		};
/* End PBXVariantGroup section */

/* Begin XCBuildConfiguration section */
		19A7AC8F1E44D493004FBE39 /* Debug */ = {
			isa = XCBuildConfiguration;
			buildSettings = {
				ALWAYS_SEARCH_USER_PATHS = NO;
				CLANG_ANALYZER_NONNULL = YES;
				CLANG_CXX_LANGUAGE_STANDARD = "gnu++0x";
				CLANG_CXX_LIBRARY = "libc++";
				CLANG_ENABLE_MODULES = YES;
				CLANG_ENABLE_OBJC_ARC = YES;
				CLANG_WARN_BOOL_CONVERSION = YES;
				CLANG_WARN_CONSTANT_CONVERSION = YES;
				CLANG_WARN_DIRECT_OBJC_ISA_USAGE = YES_ERROR;
				CLANG_WARN_DOCUMENTATION_COMMENTS = YES;
				CLANG_WARN_EMPTY_BODY = YES;
				CLANG_WARN_ENUM_CONVERSION = YES;
				CLANG_WARN_INFINITE_RECURSION = YES;
				CLANG_WARN_INT_CONVERSION = YES;
				CLANG_WARN_OBJC_ROOT_CLASS = YES_ERROR;
				CLANG_WARN_SUSPICIOUS_MOVE = YES;
				CLANG_WARN_UNREACHABLE_CODE = YES;
				CLANG_WARN__DUPLICATE_METHOD_MATCH = YES;
				CODE_SIGN_IDENTITY = "-";
				COPY_PHASE_STRIP = NO;
				DEBUG_INFORMATION_FORMAT = dwarf;
				ENABLE_STRICT_OBJC_MSGSEND = YES;
				ENABLE_TESTABILITY = YES;
				GCC_C_LANGUAGE_STANDARD = gnu99;
				GCC_DYNAMIC_NO_PIC = NO;
				GCC_NO_COMMON_BLOCKS = YES;
				GCC_OPTIMIZATION_LEVEL = 0;
				GCC_PREPROCESSOR_DEFINITIONS = (
					"DEBUG=1",
					"$(inherited)",
				);
				GCC_WARN_64_TO_32_BIT_CONVERSION = YES;
				GCC_WARN_ABOUT_RETURN_TYPE = YES_ERROR;
				GCC_WARN_UNDECLARED_SELECTOR = YES;
				GCC_WARN_UNINITIALIZED_AUTOS = YES_AGGRESSIVE;
				GCC_WARN_UNUSED_FUNCTION = YES;
				GCC_WARN_UNUSED_VARIABLE = YES;
				MACOSX_DEPLOYMENT_TARGET = 10.12;
				MTL_ENABLE_DEBUG_INFO = YES;
				ONLY_ACTIVE_ARCH = YES;
				SDKROOT = macosx;
				SWIFT_ACTIVE_COMPILATION_CONDITIONS = DEBUG;
				SWIFT_OPTIMIZATION_LEVEL = "-Onone";
			};
			name = Debug;
		};
		19A7AC901E44D493004FBE39 /* Release */ = {
			isa = XCBuildConfiguration;
			buildSettings = {
				ALWAYS_SEARCH_USER_PATHS = NO;
				CLANG_ANALYZER_NONNULL = YES;
				CLANG_CXX_LANGUAGE_STANDARD = "gnu++0x";
				CLANG_CXX_LIBRARY = "libc++";
				CLANG_ENABLE_MODULES = YES;
				CLANG_ENABLE_OBJC_ARC = YES;
				CLANG_WARN_BOOL_CONVERSION = YES;
				CLANG_WARN_CONSTANT_CONVERSION = YES;
				CLANG_WARN_DIRECT_OBJC_ISA_USAGE = YES_ERROR;
				CLANG_WARN_DOCUMENTATION_COMMENTS = YES;
				CLANG_WARN_EMPTY_BODY = YES;
				CLANG_WARN_ENUM_CONVERSION = YES;
				CLANG_WARN_INFINITE_RECURSION = YES;
				CLANG_WARN_INT_CONVERSION = YES;
				CLANG_WARN_OBJC_ROOT_CLASS = YES_ERROR;
				CLANG_WARN_SUSPICIOUS_MOVE = YES;
				CLANG_WARN_UNREACHABLE_CODE = YES;
				CLANG_WARN__DUPLICATE_METHOD_MATCH = YES;
				CODE_SIGN_IDENTITY = "-";
				COPY_PHASE_STRIP = NO;
				DEBUG_INFORMATION_FORMAT = "dwarf-with-dsym";
				ENABLE_NS_ASSERTIONS = NO;
				ENABLE_STRICT_OBJC_MSGSEND = YES;
				GCC_C_LANGUAGE_STANDARD = gnu99;
				GCC_NO_COMMON_BLOCKS = YES;
				GCC_WARN_64_TO_32_BIT_CONVERSION = YES;
				GCC_WARN_ABOUT_RETURN_TYPE = YES_ERROR;
				GCC_WARN_UNDECLARED_SELECTOR = YES;
				GCC_WARN_UNINITIALIZED_AUTOS = YES_AGGRESSIVE;
				GCC_WARN_UNUSED_FUNCTION = YES;
				GCC_WARN_UNUSED_VARIABLE = YES;
				MACOSX_DEPLOYMENT_TARGET = 10.12;
				MTL_ENABLE_DEBUG_INFO = NO;
				SDKROOT = macosx;
				SWIFT_OPTIMIZATION_LEVEL = "-Owholemodule";
			};
			name = Release;
		};
		19A7AC921E44D493004FBE39 /* Debug */ = {
			isa = XCBuildConfiguration;
			buildSettings = {
				ASSETCATALOG_COMPILER_APPICON_NAME = AppIcon;
				CLANG_ENABLE_MODULES = YES;
				COMBINE_HIDPI_IMAGES = YES;
				DEVELOPMENT_TEAM = VBQ33APC27;
				INFOPLIST_FILE = SpaceId/Info.plist;
				LD_RUNPATH_SEARCH_PATHS = "$(inherited) @executable_path/../Frameworks";
				PRODUCT_BUNDLE_IDENTIFIER = com.dshnkao.SpaceId;
				PRODUCT_NAME = "$(TARGET_NAME)";
				SWIFT_OBJC_BRIDGING_HEADER = "SpaceId/SpaceId-Bridging-Header.h";
				SWIFT_OPTIMIZATION_LEVEL = "-Onone";
				SWIFT_VERSION = 3.0;
			};
			name = Debug;
		};
		19A7AC931E44D493004FBE39 /* Release */ = {
			isa = XCBuildConfiguration;
			buildSettings = {
				ASSETCATALOG_COMPILER_APPICON_NAME = AppIcon;
				CLANG_ENABLE_MODULES = YES;
				COMBINE_HIDPI_IMAGES = YES;
				DEVELOPMENT_TEAM = VBQ33APC27;
				INFOPLIST_FILE = SpaceId/Info.plist;
				LD_RUNPATH_SEARCH_PATHS = "$(inherited) @executable_path/../Frameworks";
				PRODUCT_BUNDLE_IDENTIFIER = com.dshnkao.SpaceId;
				PRODUCT_NAME = "$(TARGET_NAME)";
				SWIFT_OBJC_BRIDGING_HEADER = "SpaceId/SpaceId-Bridging-Header.h";
				SWIFT_VERSION = 3.0;
			};
			name = Release;
		};
		19A7AC951E44D493004FBE39 /* Debug */ = {
			isa = XCBuildConfiguration;
			buildSettings = {
				ALWAYS_EMBED_SWIFT_STANDARD_LIBRARIES = YES;
				BUNDLE_LOADER = "$(TEST_HOST)";
				COMBINE_HIDPI_IMAGES = YES;
				DEVELOPMENT_TEAM = VBQ33APC27;
				INFOPLIST_FILE = SpaceIdTests/Info.plist;
				LD_RUNPATH_SEARCH_PATHS = "$(inherited) @executable_path/../Frameworks @loader_path/../Frameworks";
				PRODUCT_BUNDLE_IDENTIFIER = com.dshnkao.SpaceIdTests;
				PRODUCT_NAME = "$(TARGET_NAME)";
				SWIFT_VERSION = 3.0;
				TEST_HOST = "$(BUILT_PRODUCTS_DIR)/SpaceId.app/Contents/MacOS/SpaceId";
			};
			name = Debug;
		};
		19A7AC961E44D493004FBE39 /* Release */ = {
			isa = XCBuildConfiguration;
			buildSettings = {
				ALWAYS_EMBED_SWIFT_STANDARD_LIBRARIES = YES;
				BUNDLE_LOADER = "$(TEST_HOST)";
				COMBINE_HIDPI_IMAGES = YES;
				DEVELOPMENT_TEAM = VBQ33APC27;
				INFOPLIST_FILE = SpaceIdTests/Info.plist;
				LD_RUNPATH_SEARCH_PATHS = "$(inherited) @executable_path/../Frameworks @loader_path/../Frameworks";
				PRODUCT_BUNDLE_IDENTIFIER = com.dshnkao.SpaceIdTests;
				PRODUCT_NAME = "$(TARGET_NAME)";
				SWIFT_VERSION = 3.0;
				TEST_HOST = "$(BUILT_PRODUCTS_DIR)/SpaceId.app/Contents/MacOS/SpaceId";
			};
			name = Release;
		};
/* End XCBuildConfiguration section */

/* Begin XCConfigurationList section */
		19A7AC741E44D493004FBE39 /* Build configuration list for PBXProject "SpaceId" */ = {
			isa = XCConfigurationList;
			buildConfigurations = (
				19A7AC8F1E44D493004FBE39 /* Debug */,
				19A7AC901E44D493004FBE39 /* Release */,
			);
			defaultConfigurationIsVisible = 0;
			defaultConfigurationName = Release;
		};
		19A7AC911E44D493004FBE39 /* Build configuration list for PBXNativeTarget "SpaceId" */ = {
			isa = XCConfigurationList;
			buildConfigurations = (
				19A7AC921E44D493004FBE39 /* Debug */,
				19A7AC931E44D493004FBE39 /* Release */,
			);
			defaultConfigurationIsVisible = 0;
			defaultConfigurationName = Release;
		};
		19A7AC941E44D493004FBE39 /* Build configuration list for PBXNativeTarget "SpaceIdTests" */ = {
			isa = XCConfigurationList;
			buildConfigurations = (
				19A7AC951E44D493004FBE39 /* Debug */,
				19A7AC961E44D493004FBE39 /* Release */,
			);
			defaultConfigurationIsVisible = 0;
			defaultConfigurationName = Release;
		};
/* End XCConfigurationList section */
	};
	rootObject = 19A7AC711E44D493004FBE39 /* Project object */;
}
